
Microsoft Visual Studio Solution File, Format Version 12.00
# Visual Studio 15
Project("{FAE04EC0-301F-11D3-BF4B-00C04F79EFBC}") = "Assembly-CSharp", "Assembly-CSharp.csproj", "{A16094BE-11B8-2C58-166B-044C46DF3EA1}"
EndProject
Project("{FAE04EC0-301F-11D3-BF4B-00C04F79EFBC}") = "Assembly-CSharp-firstpass", "Assembly-CSharp-firstpass.csproj", "{53AAF6F8-5EFB-9E58-800A-5F1E2F60ECC5}"
EndProject
Global
	GlobalSection(SolutionConfigurationPlatforms) = preSolution
		Debug|Any CPU = Debug|Any CPU
		Release|Any CPU = Release|Any CPU
	EndGlobalSection
	GlobalSection(ProjectConfigurationPlatforms) = postSolution
		{A16094BE-11B8-2C58-166B-044C46DF3EA1}.Debug|Any CPU.ActiveCfg = Debug|Any CPU
		{A16094BE-11B8-2C58-166B-044C46DF3EA1}.Debug|Any CPU.Build.0 = Debug|Any CPU
		{A16094BE-11B8-2C58-166B-044C46DF3EA1}.Release|Any CPU.ActiveCfg = Release|Any CPU
		{A16094BE-11B8-2C58-166B-044C46DF3EA1}.Release|Any CPU.Build.0 = Release|Any CPU
		{53AAF6F8-5EFB-9E58-800A-5F1E2F60ECC5}.Debug|Any CPU.ActiveCfg = Debug|Any CPU
		{53AAF6F8-5EFB-9E58-800A-5F1E2F60ECC5}.Debug|Any CPU.Build.0 = Debug|Any CPU
		{53AAF6F8-5EFB-9E58-800A-5F1E2F60ECC5}.Release|Any CPU.ActiveCfg = Release|Any CPU
		{53AAF6F8-5EFB-9E58-800A-5F1E2F60ECC5}.Release|Any CPU.Build.0 = Release|Any CPU
	EndGlobalSection
	GlobalSection(SolutionProperties) = preSolution
		HideSolutionNode = FALSE
	EndGlobalSection
EndGlobal
